
Microsoft Visual Studio Solution File, Format Version 12.00
# Visual Studio 15
VisualStudioVersion = 15.0.27004.2009
MinimumVisualStudioVersion = 10.0.40219.1
Project("{FAE04EC0-301F-11D3-BF4B-00C04F79EFBC}") = "OdeToFoodFinal", "OdeToFoodFinal\OdeToFoodFinal.csproj", "{9C0B49E7-FAB9-4E01-8AD2-14E191D289AF}"
EndProject
Project("{FAE04EC0-301F-11D3-BF4B-00C04F79EFBC}") = "OdeToFoodFinal.Tests", "OdeToFoodFinal.Tests\OdeToFoodFinal.Tests.csproj", "{380D94DD-ED07-4C5B-8A85-EC189596B22D}"
EndProject
Global
	GlobalSection(SolutionConfigurationPlatforms) = preSolution
		Debug|Any CPU = Debug|Any CPU
		Release|Any CPU = Release|Any CPU
	EndGlobalSection
	GlobalSection(ProjectConfigurationPlatforms) = postSolution
		{9C0B49E7-FAB9-4E01-8AD2-14E191D289AF}.Debug|Any CPU.ActiveCfg = Debug|Any CPU
		{9C0B49E7-FAB9-4E01-8AD2-14E191D289AF}.Debug|Any CPU.Build.0 = Debug|Any CPU
		{9C0B49E7-FAB9-4E01-8AD2-14E191D289AF}.Release|Any CPU.ActiveCfg = Release|Any CPU
		{9C0B49E7-FAB9-4E01-8AD2-14E191D289AF}.Release|Any CPU.Build.0 = Release|Any CPU
		{380D94DD-ED07-4C5B-8A85-EC189596B22D}.Debug|Any CPU.ActiveCfg = Debug|Any CPU
		{380D94DD-ED07-4C5B-8A85-EC189596B22D}.Debug|Any CPU.Build.0 = Debug|Any CPU
		{380D94DD-ED07-4C5B-8A85-EC189596B22D}.Release|Any CPU.ActiveCfg = Release|Any CPU
		{380D94DD-ED07-4C5B-8A85-EC189596B22D}.Release|Any CPU.Build.0 = Release|Any CPU
	EndGlobalSection
	GlobalSection(SolutionProperties) = preSolution
		HideSolutionNode = FALSE
	EndGlobalSection
	GlobalSection(ExtensibilityGlobals) = postSolution
		SolutionGuid = {13185DAF-172C-45D2-AA33-E69051DA4275}
	EndGlobalSection
EndGlobal
